{
  "name": "client",
  "version": "0.1.0",
  "lockfileVersion": 1,
  "requires": true,
  "dependencies": {
    "@auth0/auth0-spa-js": {
      "version": "1.0.2",
      "resolved": "https://registry.npmjs.org/@auth0/auth0-spa-js/-/auth0-spa-js-1.0.2.tgz",
      "integrity": "sha512-r8D48VcjjlmM2VQ4uG5wkiMP4LCg39/I2DGk4R6t0anbQCP/PfF/n/kIQnNWfa6PDSkKxP6UVfthjPU3TKN0Cw==",
      "requires": {
        "es-cookie": "^1.2.0",
        "fast-text-encoding": "^1.0.0",
        "qs": "^6.5.1",
        "ts-polyfill": "^3.0.1",
        "unfetch": "^4.1.0"
      }
    },
    "core-js": {
      "version": "3.1.4",
      "resolved": "https://registry.npmjs.org/core-js/-/core-js-3.1.4.tgz",
      "integrity": "sha512-YNZN8lt82XIMLnLirj9MhKDFZHalwzzrL9YLt6eb0T5D0EDl4IQ90IGkua8mHbnxNrkj1d8hbdizMc0Qmg1WnQ=="
    },
    "es-cookie": {
      "version": "1.2.0",
      "resolved": "https://registry.npmjs.org/es-cookie/-/es-cookie-1.2.0.tgz",
      "integrity": "sha512-Rq23x7fV2NRhDbYHA+ebMUHJGyrHWtLd+xFoQ+Tq5kpsAv6FmqpC/SFdDpFJWiwNW7XUhG3GDxVKymDz7KxSRQ=="
    },
    "fast-text-encoding": {
      "version": "1.0.0",
      "resolved": "https://registry.npmjs.org/fast-text-encoding/-/fast-text-encoding-1.0.0.tgz",
      "integrity": "sha512-R9bHCvweUxxwkDwhjav5vxpFvdPGlVngtqmx4pIZfSUhM/Q4NiIUHB456BAf+Q1Nwu3HEZYONtu+Rya+af4jiQ=="
    },
    "qs": {
      "version": "6.7.0",
      "resolved": "https://registry.npmjs.org/qs/-/qs-6.7.0.tgz",
      "integrity": "sha512-VCdBRNFTX1fyE7Nb6FYoURo/SPe62QCaAyzJvUjwRaIsc+NePBEniHlvxFmmX56+HZphIGtV0XeCirBtpDrTyQ=="
    },
    "ts-polyfill": {
      "version": "3.5.1",
      "resolved": "https://registry.npmjs.org/ts-polyfill/-/ts-polyfill-3.5.1.tgz",
      "integrity": "sha512-IrwtFfM7ryDo3bM7c23KRXVaTCKy7Lwfl1hXkuorpBnvSffSuoD474qBPX6dggH2/H2C10zaYYmZiMia2oDJUw==",
      "requires": {
        "core-js": "^3.1.3"
      }
    },
    "unfetch": {
      "version": "4.1.0",
      "resolved": "https://registry.npmjs.org/unfetch/-/unfetch-4.1.0.tgz",
      "integrity": "sha512-crP/n3eAPUJxZXM9T80/yv0YhkTEx2K1D3h7D1AJM6fzsWZrxdyRuLN0JH/dkZh1LNH8LxCnBzoPFCPbb2iGpg=="
    }
  }
}
